
Microsoft Visual Studio Solution File, Format Version 12.00
# Visual Studio Version 17
VisualStudioVersion = 17.12.35514.174 d17.12
MinimumVisualStudioVersion = 10.0.40219.1
Project("{FAE04EC0-301F-11D3-BF4B-00C04F79EFBC}") = "DOCKER-RABBITMQ-ASPNET", "DOCKER-RABBITMQ-ASPNET\DOCKER-RABBITMQ-ASPNET.csproj", "{A86342D5-6E49-43D4-8E45-59E50B1C89ED}"
EndProject
Global
	GlobalSection(SolutionConfigurationPlatforms) = preSolution
		Debug|Any CPU = Debug|Any CPU
		Release|Any CPU = Release|Any CPU
	EndGlobalSection
	GlobalSection(ProjectConfigurationPlatforms) = postSolution
		{A86342D5-6E49-43D4-8E45-59E50B1C89ED}.Debug|Any CPU.ActiveCfg = Debug|Any CPU
		{A86342D5-6E49-43D4-8E45-59E50B1C89ED}.Debug|Any CPU.Build.0 = Debug|Any CPU
		{A86342D5-6E49-43D4-8E45-59E50B1C89ED}.Release|Any CPU.ActiveCfg = Release|Any CPU
		{A86342D5-6E49-43D4-8E45-59E50B1C89ED}.Release|Any CPU.Build.0 = Release|Any CPU
	EndGlobalSection
	GlobalSection(SolutionProperties) = preSolution
		HideSolutionNode = FALSE
	EndGlobalSection
EndGlobal
